
Microsoft Visual Studio Solution File, Format Version 12.00
# Visual Studio Version 17
VisualStudioVersion = 17.11.35312.102
MinimumVisualStudioVersion = 10.0.40219.1
Project("{FAE04EC0-301F-11D3-BF4B-00C04F79EFBC}") = "Basketteam_api", "Basketteam_api\Basketteam_api.csproj", "{69855455-C592-4F51-9083-0A761696BCD3}"
EndProject
Global
	GlobalSection(SolutionConfigurationPlatforms) = preSolution
		Debug|Any CPU = Debug|Any CPU
		Release|Any CPU = Release|Any CPU
	EndGlobalSection
	GlobalSection(ProjectConfigurationPlatforms) = postSolution
		{69855455-C592-4F51-9083-0A761696BCD3}.Debug|Any CPU.ActiveCfg = Debug|Any CPU
		{69855455-C592-4F51-9083-0A761696BCD3}.Debug|Any CPU.Build.0 = Debug|Any CPU
		{69855455-C592-4F51-9083-0A761696BCD3}.Release|Any CPU.ActiveCfg = Release|Any CPU
		{69855455-C592-4F51-9083-0A761696BCD3}.Release|Any CPU.Build.0 = Release|Any CPU
	EndGlobalSection
	GlobalSection(SolutionProperties) = preSolution
		HideSolutionNode = FALSE
	EndGlobalSection
	GlobalSection(ExtensibilityGlobals) = postSolution
		SolutionGuid = {C2C3A2FF-8E10-44FC-A52C-67F9226E15D8}
	EndGlobalSection
EndGlobal
